{
  "version": 4,
  "terraform_version": "1.2.3",
  "serial": 14,
  "lineage": "0e8abf83-99b3-7ea8-bd44-602ff18c9222",
  "outputs": {},
  "resources": [
    {
      "module": "module.api",
      "mode": "managed",
      "type": "aws_apigatewayv2_api",
      "name": "api",
      "provider": "provider[\"registry.terraform.io/hashicorp/aws\"]",
      "instances": [
        {
          "schema_version": 0,
          "attributes": {
            "api_endpoint": "https://73e5mub6xd.execute-api.us-east-1.amazonaws.com",
            "api_key_selection_expression": "$request.header.x-api-key",
            "arn": "arn:aws:apigateway:us-east-1::/apis/73e5mub6xd",
            "body": null,
            "cors_configuration": [
              {
                "allow_credentials": false,
                "allow_headers": [
                  "accept",
                  "access-control-allow-origin",
                  "authorization",
                  "authrefreshtoken",
                  "content-type",
                  "x-amz-date",
                  "x-amz-security-token",
                  "x-amz-user-agent",
                  "x-api-key",
                  "x-authrefreshtoken"
                ],
                "allow_methods": [
                  "DELETE",
                  "GET",
                  "OPTIONS",
                  "PATCH",
                  "POST",
                  "PUT"
                ],
                "allow_origins": [
                  "*"
                ],
                "expose_headers": [],
                "max_age": 0
              }
            ],
            "credentials_arn": null,
            "description": "Api Gateway description example",
            "disable_execute_api_endpoint": false,
            "execution_arn": "arn:aws:execute-api:us-east-1:878787632917:73e5mub6xd",
            "fail_on_warnings": null,
            "id": "73e5mub6xd",
            "name": "test-terraform-dev-api",
            "protocol_type": "HTTP",
            "route_key": null,
            "route_selection_expression": "$request.method $request.path",
            "tags": {},
            "tags_all": {},
            "target": null,
            "version": ""
          },
          "sensitive_attributes": [
            [
              {
                "type": "get_attr",
                "value": "name"
              }
            ]
          ],
          "private": "bnVsbA=="
        }
      ]
    },
    {
      "module": "module.api",
      "mode": "managed",
      "type": "aws_apigatewayv2_authorizer",
      "name": "cognito_authorizer",
      "provider": "provider[\"registry.terraform.io/hashicorp/aws\"]",
      "instances": [
        {
          "schema_version": 0,
          "attributes": {
            "api_id": "73e5mub6xd",
            "authorizer_credentials_arn": "",
            "authorizer_payload_format_version": "",
            "authorizer_result_ttl_in_seconds": 0,
            "authorizer_type": "JWT",
            "authorizer_uri": "",
            "enable_simple_responses": false,
            "id": "w0irp7",
            "identity_sources": [
              "$request.header.authorization"
            ],
            "jwt_configuration": [
              {
                "audience": [
                  "4r1rklv46rc6n8povem17adg8"
                ],
                "issuer": "https://cognito-idp.us-east-1.amazonaws.com/us-east-1_nRlTtT9Hk"
              }
            ],
            "name": "AdminAuthorizer"
          },
          "sensitive_attributes": [
            [
              {
                "type": "get_attr",
                "value": "jwt_configuration"
              },
              {
                "type": "index",
                "value": {
                  "value": 0,
                  "type": "number"
                }
              },
              {
                "type": "get_attr",
                "value": "issuer"
              }
            ]
          ],
          "private": "bnVsbA==",
          "dependencies": [
            "module.api.aws_apigatewayv2_api.api",
            "module.api.aws_cognito_user_pool.user_pool",
            "module.api.aws_cognito_user_pool_client.users_pool_client"
          ]
        }
      ]
    },
    {
      "module": "module.api",
      "mode": "managed",
      "type": "aws_apigatewayv2_stage",
      "name": "api_stage",
      "provider": "provider[\"registry.terraform.io/hashicorp/aws\"]",
      "instances": [
        {
          "schema_version": 0,
          "attributes": {
            "access_log_settings": [],
            "api_id": "73e5mub6xd",
            "arn": "arn:aws:apigateway:us-east-1::/apis/73e5mub6xd/stages/dev",
            "auto_deploy": false,
            "client_certificate_id": "",
            "default_route_settings": [
              {
                "data_trace_enabled": false,
                "detailed_metrics_enabled": false,
                "logging_level": "",
                "throttling_burst_limit": 0,
                "throttling_rate_limit": 0
              }
            ],
            "deployment_id": "",
            "description": "",
            "execution_arn": "arn:aws:execute-api:us-east-1:878787632917:73e5mub6xd/dev",
            "id": "dev",
            "invoke_url": "https://73e5mub6xd.execute-api.us-east-1.amazonaws.com/dev",
            "name": "dev",
            "route_settings": [],
            "stage_variables": {},
            "tags": {},
            "tags_all": {}
          },
          "sensitive_attributes": [
            [
              {
                "type": "get_attr",
                "value": "name"
              }
            ]
          ],
          "private": "bnVsbA==",
          "dependencies": [
            "module.api.aws_apigatewayv2_api.api"
          ]
        }
      ]
    },
    {
      "module": "module.api",
      "mode": "managed",
      "type": "aws_cognito_user_pool",
      "name": "user_pool",
      "provider": "provider[\"registry.terraform.io/hashicorp/aws\"]",
      "instances": [
        {
          "schema_version": 0,
          "attributes": {
            "account_recovery_setting": [],
            "admin_create_user_config": [
              {
                "allow_admin_create_user_only": true,
                "invite_message_template": []
              }
            ],
            "alias_attributes": null,
            "arn": "arn:aws:cognito-idp:us-east-1:878787632917:userpool/us-east-1_nRlTtT9Hk",
            "auto_verified_attributes": [
              "email"
            ],
            "creation_date": "2022-07-02T00:25:06Z",
            "custom_domain": "",
            "device_configuration": [],
            "domain": "",
            "email_configuration": [
              {
                "configuration_set": "",
                "email_sending_account": "COGNITO_DEFAULT",
                "from_email_address": "",
                "reply_to_email_address": "",
                "source_arn": ""
              }
            ],
            "email_verification_message": null,
            "email_verification_subject": null,
            "endpoint": "cognito-idp.us-east-1.amazonaws.com/us-east-1_nRlTtT9Hk",
            "estimated_number_of_users": 0,
            "id": "us-east-1_nRlTtT9Hk",
            "lambda_config": [],
            "last_modified_date": "2022-07-02T00:25:06Z",
            "mfa_configuration": "OFF",
            "name": "test-terraform-dev-user-pool",
            "password_policy": [
              {
                "minimum_length": 8,
                "require_lowercase": true,
                "require_numbers": true,
                "require_symbols": true,
                "require_uppercase": true,
                "temporary_password_validity_days": 7
              }
            ],
            "schema": [
              {
                "attribute_data_type": "String",
                "developer_only_attribute": false,
                "mutable": true,
                "name": "role_ids",
                "number_attribute_constraints": [],
                "required": false,
                "string_attribute_constraints": [
                  {
                    "max_length": "1024",
                    "min_length": "0"
                  }
                ]
              }
            ],
            "sms_authentication_message": null,
            "sms_configuration": [],
            "sms_verification_message": null,
            "software_token_mfa_configuration": [],
            "tags": {},
            "tags_all": {},
            "user_pool_add_ons": [],
            "username_attributes": [
              "email"
            ],
            "username_configuration": [],
            "verification_message_template": [
              {
                "default_email_option": "CONFIRM_WITH_CODE",
                "email_message": "",
                "email_message_by_link": "",
                "email_subject": "",
                "email_subject_by_link": "",
                "sms_message": ""
              }
            ]
          },
          "sensitive_attributes": [
            [
              {
                "type": "get_attr",
                "value": "name"
              }
            ]
          ],
          "private": "bnVsbA=="
        }
      ]
    },
    {
      "module": "module.api",
      "mode": "managed",
      "type": "aws_cognito_user_pool_client",
      "name": "users_pool_client",
      "provider": "provider[\"registry.terraform.io/hashicorp/aws\"]",
      "instances": [
        {
          "schema_version": 0,
          "attributes": {
            "access_token_validity": 120,
            "allowed_oauth_flows": [],
            "allowed_oauth_flows_user_pool_client": false,
            "allowed_oauth_scopes": [],
            "analytics_configuration": [],
            "callback_urls": [],
            "client_secret": "",
            "default_redirect_uri": "",
            "enable_token_revocation": true,
            "explicit_auth_flows": [
              "ALLOW_ADMIN_USER_PASSWORD_AUTH",
              "ALLOW_CUSTOM_AUTH",
              "ALLOW_REFRESH_TOKEN_AUTH",
              "ALLOW_USER_SRP_AUTH"
            ],
            "generate_secret": false,
            "id": "4r1rklv46rc6n8povem17adg8",
            "id_token_validity": 0,
            "logout_urls": [],
            "name": "test-terraform-dev-users-pool-app-client",
            "prevent_user_existence_errors": "",
            "read_attributes": [],
            "refresh_token_validity": 7,
            "supported_identity_providers": [],
            "token_validity_units": [
              {
                "access_token": "minutes",
                "id_token": "hours",
                "refresh_token": "days"
              }
            ],
            "user_pool_id": "us-east-1_nRlTtT9Hk",
            "write_attributes": []
          },
          "sensitive_attributes": [
            [
              {
                "type": "get_attr",
                "value": "name"
              }
            ]
          ],
          "private": "bnVsbA==",
          "dependencies": [
            "module.api.aws_cognito_user_pool.user_pool"
          ]
        }
      ]
    },
    {
      "module": "module.api",
      "mode": "managed",
      "type": "aws_db_instance",
      "name": "psql_db",
      "provider": "provider[\"registry.terraform.io/hashicorp/aws\"]",
      "instances": [
        {
          "schema_version": 1,
          "attributes": {
            "address": "test-terraform-dev-20220702002948763200000001.cozizniwpdlw.us-east-1.rds.amazonaws.com",
            "allocated_storage": 20,
            "allow_major_version_upgrade": null,
            "apply_immediately": true,
            "arn": "arn:aws:rds:us-east-1:878787632917:db:test-terraform-dev-20220702002948763200000001",
            "auto_minor_version_upgrade": true,
            "availability_zone": "us-east-1b",
            "backup_retention_period": 0,
            "backup_window": "05:40-06:10",
            "ca_cert_identifier": "rds-ca-2019",
            "character_set_name": "",
            "copy_tags_to_snapshot": false,
            "customer_owned_ip_enabled": false,
            "db_subnet_group_name": "default",
            "delete_automated_backups": true,
            "deletion_protection": false,
            "domain": "",
            "domain_iam_role_name": "",
            "enabled_cloudwatch_logs_exports": null,
            "endpoint": "test-terraform-dev-20220702002948763200000001.cozizniwpdlw.us-east-1.rds.amazonaws.com:5432",
            "engine": "postgres",
            "engine_version": "12.8",
            "engine_version_actual": "12.8",
            "final_snapshot_identifier": null,
            "hosted_zone_id": "Z2R2ITUGPM61AM",
            "iam_database_authentication_enabled": false,
            "id": "test-terraform-dev-20220702002948763200000001",
            "identifier": "test-terraform-dev-20220702002948763200000001",
            "identifier_prefix": "test-terraform-dev-",
            "instance_class": "db.t2.micro",
            "iops": 0,
            "kms_key_id": "",
            "latest_restorable_time": "0001-01-01T00:00:00Z",
            "license_model": "postgresql-license",
            "maintenance_window": "fri:09:14-fri:09:44",
            "max_allocated_storage": 0,
            "monitoring_interval": 0,
            "monitoring_role_arn": "",
            "multi_az": false,
            "name": "testterraformdevdb",
            "nchar_character_set_name": "",
            "option_group_name": "default:postgres-12",
            "parameter_group_name": "default.postgres12",
            "password": "4adNALo2fHsNknEq1KsRZ2db",
            "performance_insights_enabled": false,
            "performance_insights_kms_key_id": "",
            "performance_insights_retention_period": 0,
            "port": 5432,
            "publicly_accessible": true,
            "replica_mode": "",
            "replicas": [],
            "replicate_source_db": "",
            "resource_id": "db-Y4B2SRJ4B75HYODMTSBS5CZ7SI",
            "restore_to_point_in_time": [],
            "s3_import": [],
            "security_group_names": null,
            "skip_final_snapshot": true,
            "snapshot_identifier": null,
            "status": "available",
            "storage_encrypted": false,
            "storage_type": "gp2",
            "tags": null,
            "tags_all": {},
            "timeouts": null,
            "timezone": "",
            "username": "test_terraform_dev_root",
            "vpc_security_group_ids": [
              "sg-01e33c2588436bef2"
            ]
          },
          "sensitive_attributes": [
            [
              {
                "type": "get_attr",
                "value": "name"
              }
            ],
            [
              {
                "type": "get_attr",
                "value": "identifier_prefix"
              }
            ],
            [
              {
                "type": "get_attr",
                "value": "username"
              }
            ],
            [
              {
                "type": "get_attr",
                "value": "password"
              }
            ]
          ],
          "private": "eyJlMmJmYjczMC1lY2FhLTExZTYtOGY4OC0zNDM2M2JjN2M0YzAiOnsiY3JlYXRlIjoyNDAwMDAwMDAwMDAwLCJkZWxldGUiOjM2MDAwMDAwMDAwMDAsInVwZGF0ZSI6NDgwMDAwMDAwMDAwMH0sInNjaGVtYV92ZXJzaW9uIjoiMSJ9",
          "dependencies": [
            "module.api.random_password.password"
          ]
        }
      ]
    },
    {
      "module": "module.api",
      "mode": "managed",
      "type": "random_password",
      "name": "password",
      "provider": "provider[\"registry.terraform.io/hashicorp/random\"]",
      "instances": [
        {
          "schema_version": 2,
          "attributes": {
            "bcrypt_hash": "$2a$10$hnrLIS2A3VxzWszVllqBm.xW16tttRamPrbooXx9M0MSphqtpTira",
            "id": "none",
            "keepers": null,
            "length": 24,
            "lower": true,
            "min_lower": 0,
            "min_numeric": 0,
            "min_special": 0,
            "min_upper": 0,
            "number": true,
            "numeric": true,
            "override_special": null,
            "result": "4adNALo2fHsNknEq1KsRZ2db",
            "special": false,
            "upper": true
          },
          "sensitive_attributes": [],
          "private": "eyJzY2hlbWFfdmVyc2lvbiI6IjIifQ=="
        }
      ]
    },
    {
      "module": "module.app",
      "mode": "managed",
      "type": "aws_cloudfront_distribution",
      "name": "cloudfront_frontend",
      "provider": "provider[\"registry.terraform.io/hashicorp/aws\"]",
      "instances": [
        {
          "schema_version": 1,
          "attributes": {
            "aliases": [],
            "arn": "arn:aws:cloudfront::878787632917:distribution/E18BG58CYX5RMC",
            "caller_reference": "terraform-20220702002512361500000002",
            "comment": null,
            "custom_error_response": [
              {
                "error_caching_min_ttl": 10,
                "error_code": 404,
                "response_code": 404,
                "response_page_path": "/index.html"
              }
            ],
            "default_cache_behavior": [
              {
                "allowed_methods": [
                  "DELETE",
                  "GET",
                  "HEAD",
                  "OPTIONS",
                  "PATCH",
                  "POST",
                  "PUT"
                ],
                "cache_policy_id": "",
                "cached_methods": [
                  "GET",
                  "HEAD"
                ],
                "compress": false,
                "default_ttl": 3600,
                "field_level_encryption_id": "",
                "forwarded_values": [
                  {
                    "cookies": [
                      {
                        "forward": "none",
                        "whitelisted_names": []
                      }
                    ],
                    "headers": [],
                    "query_string": false,
                    "query_string_cache_keys": []
                  }
                ],
                "function_association": [],
                "lambda_function_association": [],
                "max_ttl": 86400,
                "min_ttl": 0,
                "origin_request_policy_id": "",
                "realtime_log_config_arn": "",
                "response_headers_policy_id": "",
                "smooth_streaming": false,
                "target_origin_id": "test-terraform-dev-client-cdn-origin",
                "trusted_key_groups": [],
                "trusted_signers": [],
                "viewer_protocol_policy": "allow-all"
              }
            ],
            "default_root_object": "",
            "domain_name": "d2i2xw864pppuk.cloudfront.net",
            "enabled": true,
            "etag": "EJXBWM9QEMTEJ",
            "hosted_zone_id": "Z2FDTNDATAQYW2",
            "http_version": "http2",
            "id": "E18BG58CYX5RMC",
            "in_progress_validation_batches": 0,
            "is_ipv6_enabled": true,
            "last_modified_time": "2022-07-02 00:25:12.965 +0000 UTC",
            "logging_config": [],
            "ordered_cache_behavior": [],
            "origin": [
              {
                "connection_attempts": 3,
                "connection_timeout": 10,
                "custom_header": [],
                "custom_origin_config": [],
                "domain_name": "test-terraform-dev-client-build.s3.amazonaws.com",
                "origin_id": "test-terraform-dev-client-cdn-origin",
                "origin_path": "",
                "origin_shield": [],
                "s3_origin_config": [
                  {
                    "origin_access_identity": "origin-access-identity/cloudfront/E39ZMAXAJ1A737"
                  }
                ]
              }
            ],
            "origin_group": [],
            "price_class": "PriceClass_All",
            "restrictions": [
              {
                "geo_restriction": [
                  {
                    "locations": [],
                    "restriction_type": "none"
                  }
                ]
              }
            ],
            "retain_on_delete": false,
            "status": "Deployed",
            "tags": {},
            "tags_all": {},
            "trusted_key_groups": [
              {
                "enabled": false,
                "items": []
              }
            ],
            "trusted_signers": [
              {
                "enabled": false,
                "items": []
              }
            ],
            "viewer_certificate": [
              {
                "acm_certificate_arn": "",
                "cloudfront_default_certificate": true,
                "iam_certificate_id": "",
                "minimum_protocol_version": "TLSv1",
                "ssl_support_method": ""
              }
            ],
            "wait_for_deployment": true,
            "web_acl_id": ""
          },
          "sensitive_attributes": [
            [
              {
                "type": "get_attr",
                "value": "origin"
              }
            ],
            [
              {
                "type": "get_attr",
                "value": "default_cache_behavior"
              },
              {
                "type": "index",
                "value": {
                  "value": 0,
                  "type": "number"
                }
              },
              {
                "type": "get_attr",
                "value": "target_origin_id"
              }
            ]
          ],
          "private": "eyJzY2hlbWFfdmVyc2lvbiI6IjEifQ==",
          "dependencies": [
            "module.app.aws_cloudfront_origin_access_identity.frontend_oai",
            "module.app.aws_s3_bucket.frontend_build"
          ]
        }
      ]
    },
    {
      "module": "module.app",
      "mode": "managed",
      "type": "aws_cloudfront_origin_access_identity",
      "name": "frontend_oai",
      "provider": "provider[\"registry.terraform.io/hashicorp/aws\"]",
      "instances": [
        {
          "schema_version": 0,
          "attributes": {
            "caller_reference": "terraform-20220702002505672000000001",
            "cloudfront_access_identity_path": "origin-access-identity/cloudfront/E39ZMAXAJ1A737",
            "comment": "OAI for private bucket.",
            "etag": "E1RIUNQ3CTC8DN",
            "iam_arn": "arn:aws:iam::cloudfront:user/CloudFront Origin Access Identity E39ZMAXAJ1A737",
            "id": "E39ZMAXAJ1A737",
            "s3_canonical_user_id": "f9e2d0f8d53385f37243c50581b0bd9a0fd11eebcfeb553f6b154ac3ff5cf3d4ad76ede72c0a365e22febe329ff27275"
          },
          "sensitive_attributes": [],
          "private": "bnVsbA=="
        }
      ]
    },
    {
      "module": "module.app",
      "mode": "managed",
      "type": "aws_s3_bucket",
      "name": "frontend_build",
      "provider": "provider[\"registry.terraform.io/hashicorp/aws\"]",
      "instances": [
        {
          "schema_version": 0,
          "attributes": {
            "acceleration_status": "",
            "acl": "private",
            "arn": "arn:aws:s3:::test-terraform-dev-client-build",
            "bucket": "test-terraform-dev-client-build",
            "bucket_domain_name": "test-terraform-dev-client-build.s3.amazonaws.com",
            "bucket_prefix": null,
            "bucket_regional_domain_name": "test-terraform-dev-client-build.s3.amazonaws.com",
            "cors_rule": [],
            "force_destroy": false,
            "grant": [],
            "hosted_zone_id": "Z3AQBSTGFYJSTF",
            "id": "test-terraform-dev-client-build",
            "lifecycle_rule": [],
            "logging": [],
            "object_lock_configuration": [],
            "object_lock_enabled": false,
            "policy": null,
            "region": "us-east-1",
            "replication_configuration": [],
            "request_payer": "BucketOwner",
            "server_side_encryption_configuration": [],
            "tags": {
              "Name": "Frontend build bucket"
            },
            "tags_all": {
              "Name": "Frontend build bucket"
            },
            "versioning": [
              {
                "enabled": false,
                "mfa_delete": false
              }
            ],
            "website": [],
            "website_domain": null,
            "website_endpoint": null
          },
          "sensitive_attributes": [
            [
              {
                "type": "get_attr",
                "value": "bucket"
              }
            ]
          ],
          "private": "bnVsbA=="
        }
      ]
    },
    {
      "module": "module.app",
      "mode": "managed",
      "type": "aws_s3_bucket_acl",
      "name": "frontend_build_acl",
      "provider": "provider[\"registry.terraform.io/hashicorp/aws\"]",
      "instances": [
        {
          "schema_version": 0,
          "attributes": {
            "access_control_policy": [
              {
                "grant": [
                  {
                    "grantee": [
                      {
                        "display_name": "it.aws.php.qa",
                        "email_address": "",
                        "id": "bbc1ebb00d5c6b3a1b4ad80d915335bf20ed66c18d81af576a32bec0f463f898",
                        "type": "CanonicalUser",
                        "uri": ""
                      }
                    ],
                    "permission": "FULL_CONTROL"
                  }
                ],
                "owner": [
                  {
                    "display_name": "it.aws.php.qa",
                    "id": "bbc1ebb00d5c6b3a1b4ad80d915335bf20ed66c18d81af576a32bec0f463f898"
                  }
                ]
              }
            ],
            "acl": "private",
            "bucket": "test-terraform-dev-client-build",
            "expected_bucket_owner": "",
            "id": "test-terraform-dev-client-build,private"
          },
          "sensitive_attributes": [],
          "private": "bnVsbA==",
          "dependencies": [
            "module.app.aws_s3_bucket.frontend_build"
          ]
        }
      ]
    }
  ]
}
